
Microsoft Visual Studio Solution File, Format Version 12.00
# Visual Studio Version 17
VisualStudioVersion = 17.13.35806.99
MinimumVisualStudioVersion = 10.0.40219.1
Project("{FAE04EC0-301F-11D3-BF4B-00C04F79EFBC}") = "LinkTracker.API", "LinkTracker.API\LinkTracker.API.csproj", "{6DB5F51D-C557-DC61-8436-F9AD19CF5146}"
EndProject
Project("{FAE04EC0-301F-11D3-BF4B-00C04F79EFBC}") = "LinkTracker.TestSuite", "LinkTracker.TestSuite\LinkTracker.TestSuite.csproj", "{611F7FCC-E406-79EB-BAD0-E92248AE213E}"
EndProject
Project("{FAE04EC0-301F-11D3-BF4B-00C04F79EFBC}") = "LinkTracker.DashboardWASM", "LinkTracker.DashboardWASM\LinkTracker.DashboardWASM.csproj", "{C86338C0-259D-43F9-AC16-F34288833EC2}"
EndProject
Project("{FAE04EC0-301F-11D3-BF4B-00C04F79EFBC}") = "LinkTracker.Shared", "LinkTracker.Shared\LinkTracker.Shared.csproj", "{4512FEE5-A62B-48B6-BB0C-248CE6DAFB2E}"
EndProject
Global
	GlobalSection(SolutionConfigurationPlatforms) = preSolution
		Debug|Any CPU = Debug|Any CPU
		Release|Any CPU = Release|Any CPU
	EndGlobalSection
	GlobalSection(ProjectConfigurationPlatforms) = postSolution
		{6DB5F51D-C557-DC61-8436-F9AD19CF5146}.Debug|Any CPU.ActiveCfg = Debug|Any CPU
		{6DB5F51D-C557-DC61-8436-F9AD19CF5146}.Debug|Any CPU.Build.0 = Debug|Any CPU
		{6DB5F51D-C557-DC61-8436-F9AD19CF5146}.Release|Any CPU.ActiveCfg = Release|Any CPU
		{6DB5F51D-C557-DC61-8436-F9AD19CF5146}.Release|Any CPU.Build.0 = Release|Any CPU
		{611F7FCC-E406-79EB-BAD0-E92248AE213E}.Debug|Any CPU.ActiveCfg = Debug|Any CPU
		{611F7FCC-E406-79EB-BAD0-E92248AE213E}.Debug|Any CPU.Build.0 = Debug|Any CPU
		{611F7FCC-E406-79EB-BAD0-E92248AE213E}.Release|Any CPU.ActiveCfg = Release|Any CPU
		{611F7FCC-E406-79EB-BAD0-E92248AE213E}.Release|Any CPU.Build.0 = Release|Any CPU
		{C86338C0-259D-43F9-AC16-F34288833EC2}.Debug|Any CPU.ActiveCfg = Debug|Any CPU
		{C86338C0-259D-43F9-AC16-F34288833EC2}.Debug|Any CPU.Build.0 = Debug|Any CPU
		{C86338C0-259D-43F9-AC16-F34288833EC2}.Release|Any CPU.ActiveCfg = Release|Any CPU
		{C86338C0-259D-43F9-AC16-F34288833EC2}.Release|Any CPU.Build.0 = Release|Any CPU
		{4512FEE5-A62B-48B6-BB0C-248CE6DAFB2E}.Debug|Any CPU.ActiveCfg = Debug|Any CPU
		{4512FEE5-A62B-48B6-BB0C-248CE6DAFB2E}.Debug|Any CPU.Build.0 = Debug|Any CPU
		{4512FEE5-A62B-48B6-BB0C-248CE6DAFB2E}.Release|Any CPU.ActiveCfg = Release|Any CPU
		{4512FEE5-A62B-48B6-BB0C-248CE6DAFB2E}.Release|Any CPU.Build.0 = Release|Any CPU
	EndGlobalSection
	GlobalSection(SolutionProperties) = preSolution
		HideSolutionNode = FALSE
	EndGlobalSection
	GlobalSection(ExtensibilityGlobals) = postSolution
		SolutionGuid = {CC12DA5D-0D48-49E3-9AD0-DA27DB02EDAD}
	EndGlobalSection
EndGlobal
